
Microsoft Visual Studio Solution File, Format Version 12.00
# Visual Studio 15
Project("{FAE04EC0-301F-11D3-BF4B-00C04F79EFBC}") = "Assembly-CSharp", "Assembly-CSharp.csproj", "{EBA61F84-8C69-C6C3-8404-30E3977AF546}"
EndProject
Global
	GlobalSection(SolutionConfigurationPlatforms) = preSolution
		Debug|Any CPU = Debug|Any CPU
		Release|Any CPU = Release|Any CPU
	EndGlobalSection
	GlobalSection(ProjectConfigurationPlatforms) = postSolution
		{EBA61F84-8C69-C6C3-8404-30E3977AF546}.Debug|Any CPU.ActiveCfg = Debug|Any CPU
		{EBA61F84-8C69-C6C3-8404-30E3977AF546}.Debug|Any CPU.Build.0 = Debug|Any CPU
		{EBA61F84-8C69-C6C3-8404-30E3977AF546}.Release|Any CPU.ActiveCfg = Release|Any CPU
		{EBA61F84-8C69-C6C3-8404-30E3977AF546}.Release|Any CPU.Build.0 = Release|Any CPU
	EndGlobalSection
	GlobalSection(SolutionProperties) = preSolution
		HideSolutionNode = FALSE
	EndGlobalSection
EndGlobal
